
Microsoft Visual Studio Solution File, Format Version 12.00
# Visual Studio Version 17
VisualStudioVersion = 17.5.002.0
MinimumVisualStudioVersion = 10.0.40219.1
Project("{9A19103F-16F7-4668-BE54-9A1E7A4F7556}") = "PetNetwork", "PetNetwork.csproj", "{72517310-E1B6-45D1-BEF3-1886F77AE55E}"
EndProject
Global
	GlobalSection(SolutionConfigurationPlatforms) = preSolution
		Debug|Any CPU = Debug|Any CPU
		Release|Any CPU = Release|Any CPU
	EndGlobalSection
	GlobalSection(ProjectConfigurationPlatforms) = postSolution
		{72517310-E1B6-45D1-BEF3-1886F77AE55E}.Debug|Any CPU.ActiveCfg = Debug|Any CPU
		{72517310-E1B6-45D1-BEF3-1886F77AE55E}.Debug|Any CPU.Build.0 = Debug|Any CPU
		{72517310-E1B6-45D1-BEF3-1886F77AE55E}.Release|Any CPU.ActiveCfg = Release|Any CPU
		{72517310-E1B6-45D1-BEF3-1886F77AE55E}.Release|Any CPU.Build.0 = Release|Any CPU
	EndGlobalSection
	GlobalSection(SolutionProperties) = preSolution
		HideSolutionNode = FALSE
	EndGlobalSection
	GlobalSection(ExtensibilityGlobals) = postSolution
		SolutionGuid = {F64DEEFB-6AAA-4E4A-9778-1DB0548A6520}
	EndGlobalSection
EndGlobal
